{
    "name": "wine-cloud-builder",
    "lockfileVersion": 2,
    "requires": true,
    "packages": {
        "": {
            "dependencies": {
                "koffi": "^2.3.7"
            }
        },
        "node_modules/koffi": {
            "version": "2.3.7",
            "resolved": "https://registry.npmjs.org/koffi/-/koffi-2.3.7.tgz",
            "integrity": "sha512-SV4Za/YYiO2eLkMBiGvlxGOz9wgEfHulId/5O9YmQ+Xur6eWXcSOWpKPGNOy+sA4e5fb8Oox1AzOgO16/xjhWA==",
            "hasInstallScript": true
        }
    },
    "dependencies": {
        "koffi": {
            "version": "2.3.7",
            "resolved": "https://registry.npmjs.org/koffi/-/koffi-2.3.7.tgz",
            "integrity": "sha512-SV4Za/YYiO2eLkMBiGvlxGOz9wgEfHulId/5O9YmQ+Xur6eWXcSOWpKPGNOy+sA4e5fb8Oox1AzOgO16/xjhWA=="
        }
    }
}
